
Microsoft Visual Studio Solution File, Format Version 12.00
# Visual Studio Version 17
VisualStudioVersion = 17.12.35527.113
MinimumVisualStudioVersion = 10.0.40219.1
Project("{FAE04EC0-301F-11D3-BF4B-00C04F79EFBC}") = "CMS.Data", "CMS.Data\CMS.Data.csproj", "{3188F77E-833A-4770-98EE-4839F663CC63}"
EndProject
Project("{FAE04EC0-301F-11D3-BF4B-00C04F79EFBC}") = "CMS.Backend", "CMS.Backend\CMS.Backend.csproj", "{207C06AB-F4F8-449F-A158-9F0570626F63}"
EndProject
Project("{E24C65DC-7377-472B-9ABA-BC803B73C61A}") = "cms.frontend", "cms.frontend\", "{FA43E5C3-C3B4-4930-B08F-EDD80E0704CA}"
	ProjectSection(WebsiteProperties) = preProject
		TargetFrameworkMoniker = ".NETFramework,Version%3Dv4.8"
		Debug.AspNetCompiler.VirtualPath = "/localhost_65277"
		Debug.AspNetCompiler.PhysicalPath = "cms.frontend\"
		Debug.AspNetCompiler.TargetPath = "PrecompiledWeb\localhost_65277\"
		Debug.AspNetCompiler.Updateable = "true"
		Debug.AspNetCompiler.ForceOverwrite = "true"
		Debug.AspNetCompiler.FixedNames = "false"
		Debug.AspNetCompiler.Debug = "True"
		Release.AspNetCompiler.VirtualPath = "/localhost_65277"
		Release.AspNetCompiler.PhysicalPath = "cms.frontend\"
		Release.AspNetCompiler.TargetPath = "PrecompiledWeb\localhost_65277\"
		Release.AspNetCompiler.Updateable = "true"
		Release.AspNetCompiler.ForceOverwrite = "true"
		Release.AspNetCompiler.FixedNames = "false"
		Release.AspNetCompiler.Debug = "False"
		VWDPort = "65277"
		SlnRelativePath = "cms.frontend\"
	EndProjectSection
EndProject
Global
	GlobalSection(SolutionConfigurationPlatforms) = preSolution
		Debug|Any CPU = Debug|Any CPU
		Release|Any CPU = Release|Any CPU
	EndGlobalSection
	GlobalSection(ProjectConfigurationPlatforms) = postSolution
		{3188F77E-833A-4770-98EE-4839F663CC63}.Debug|Any CPU.ActiveCfg = Debug|Any CPU
		{3188F77E-833A-4770-98EE-4839F663CC63}.Debug|Any CPU.Build.0 = Debug|Any CPU
		{3188F77E-833A-4770-98EE-4839F663CC63}.Release|Any CPU.ActiveCfg = Release|Any CPU
		{3188F77E-833A-4770-98EE-4839F663CC63}.Release|Any CPU.Build.0 = Release|Any CPU
		{207C06AB-F4F8-449F-A158-9F0570626F63}.Debug|Any CPU.ActiveCfg = Debug|Any CPU
		{207C06AB-F4F8-449F-A158-9F0570626F63}.Debug|Any CPU.Build.0 = Debug|Any CPU
		{207C06AB-F4F8-449F-A158-9F0570626F63}.Release|Any CPU.ActiveCfg = Release|Any CPU
		{207C06AB-F4F8-449F-A158-9F0570626F63}.Release|Any CPU.Build.0 = Release|Any CPU
		{FA43E5C3-C3B4-4930-B08F-EDD80E0704CA}.Debug|Any CPU.ActiveCfg = Debug|Any CPU
		{FA43E5C3-C3B4-4930-B08F-EDD80E0704CA}.Debug|Any CPU.Build.0 = Debug|Any CPU
		{FA43E5C3-C3B4-4930-B08F-EDD80E0704CA}.Release|Any CPU.ActiveCfg = Debug|Any CPU
		{FA43E5C3-C3B4-4930-B08F-EDD80E0704CA}.Release|Any CPU.Build.0 = Debug|Any CPU
	EndGlobalSection
	GlobalSection(SolutionProperties) = preSolution
		HideSolutionNode = FALSE
	EndGlobalSection
EndGlobal
